
Microsoft Visual Studio Solution File, Format Version 12.00
# Visual Studio 15
VisualStudioVersion = 15.0.28307.902
MinimumVisualStudioVersion = 10.0.40219.1
Project("{FAE04EC0-301F-11D3-BF4B-00C04F79EFBC}") = "MyShop", "MyShop\MyShop.csproj", "{2D566848-1AB4-4193-896D-586A08CC9CF1}"
EndProject
Global
	GlobalSection(SolutionConfigurationPlatforms) = preSolution
		Debug|Any CPU = Debug|Any CPU
		Release|Any CPU = Release|Any CPU
	EndGlobalSection
	GlobalSection(ProjectConfigurationPlatforms) = postSolution
		{2D566848-1AB4-4193-896D-586A08CC9CF1}.Debug|Any CPU.ActiveCfg = Debug|Any CPU
		{2D566848-1AB4-4193-896D-586A08CC9CF1}.Debug|Any CPU.Build.0 = Debug|Any CPU
		{2D566848-1AB4-4193-896D-586A08CC9CF1}.Release|Any CPU.ActiveCfg = Release|Any CPU
		{2D566848-1AB4-4193-896D-586A08CC9CF1}.Release|Any CPU.Build.0 = Release|Any CPU
	EndGlobalSection
	GlobalSection(SolutionProperties) = preSolution
		HideSolutionNode = FALSE
	EndGlobalSection
	GlobalSection(ExtensibilityGlobals) = postSolution
		SolutionGuid = {DF26E76B-9A4C-4CF6-BA50-4275570A4193}
	EndGlobalSection
EndGlobal
